
Microsoft Visual Studio Solution File, Format Version 12.00
# Visual Studio Version 17
VisualStudioVersion = 17.10.34607.79
MinimumVisualStudioVersion = 10.0.40219.1
Project("{FAE04EC0-301F-11D3-BF4B-00C04F79EFBC}") = "Demo_ChangTea", "Demo_ChangTea.csproj", "{A40648D5-8351-43B3-92F9-E2F5F4D0241D}"
EndProject
Global
	GlobalSection(SolutionConfigurationPlatforms) = preSolution
		Debug|Any CPU = Debug|Any CPU
		Release|Any CPU = Release|Any CPU
	EndGlobalSection
	GlobalSection(ProjectConfigurationPlatforms) = postSolution
		{A40648D5-8351-43B3-92F9-E2F5F4D0241D}.Debug|Any CPU.ActiveCfg = Debug|Any CPU
		{A40648D5-8351-43B3-92F9-E2F5F4D0241D}.Debug|Any CPU.Build.0 = Debug|Any CPU
		{A40648D5-8351-43B3-92F9-E2F5F4D0241D}.Release|Any CPU.ActiveCfg = Release|Any CPU
		{A40648D5-8351-43B3-92F9-E2F5F4D0241D}.Release|Any CPU.Build.0 = Release|Any CPU
	EndGlobalSection
	GlobalSection(SolutionProperties) = preSolution
		HideSolutionNode = FALSE
	EndGlobalSection
	GlobalSection(ExtensibilityGlobals) = postSolution
		SolutionGuid = {91400F04-BDDE-4BB0-92CD-DD9339C391E3}
	EndGlobalSection
EndGlobal
